
Microsoft Visual Studio Solution File, Format Version 12.00
# Visual Studio Version 16
VisualStudioVersion = 16.0.29403.142
MinimumVisualStudioVersion = 10.0.40219.1
Project("{9A19103F-16F7-4668-BE54-9A1E7A4F7556}") = "Exps.Host", "Exps.Host\Exps.Host.csproj", "{A6277FCA-3D77-4913-BC3C-71B22708BECE}"
EndProject
Project("{9A19103F-16F7-4668-BE54-9A1E7A4F7556}") = "Exps.Common", "Exps.Common\Exps.Common.csproj", "{5D37B7E6-17D2-48BF-AB82-C59903F5C3BD}"
EndProject
Project("{9A19103F-16F7-4668-BE54-9A1E7A4F7556}") = "Exps.Core", "Exps.Core\Exps.Core.csproj", "{A124E8FD-E791-4344-88F2-26E3C67EF57B}"
EndProject
Global
	GlobalSection(SolutionConfigurationPlatforms) = preSolution
		Debug|Any CPU = Debug|Any CPU
		Release|Any CPU = Release|Any CPU
	EndGlobalSection
	GlobalSection(ProjectConfigurationPlatforms) = postSolution
		{A6277FCA-3D77-4913-BC3C-71B22708BECE}.Debug|Any CPU.ActiveCfg = Debug|Any CPU
		{A6277FCA-3D77-4913-BC3C-71B22708BECE}.Debug|Any CPU.Build.0 = Debug|Any CPU
		{A6277FCA-3D77-4913-BC3C-71B22708BECE}.Release|Any CPU.ActiveCfg = Release|Any CPU
		{A6277FCA-3D77-4913-BC3C-71B22708BECE}.Release|Any CPU.Build.0 = Release|Any CPU
		{5D37B7E6-17D2-48BF-AB82-C59903F5C3BD}.Debug|Any CPU.ActiveCfg = Debug|Any CPU
		{5D37B7E6-17D2-48BF-AB82-C59903F5C3BD}.Debug|Any CPU.Build.0 = Debug|Any CPU
		{5D37B7E6-17D2-48BF-AB82-C59903F5C3BD}.Release|Any CPU.ActiveCfg = Release|Any CPU
		{5D37B7E6-17D2-48BF-AB82-C59903F5C3BD}.Release|Any CPU.Build.0 = Release|Any CPU
		{A124E8FD-E791-4344-88F2-26E3C67EF57B}.Debug|Any CPU.ActiveCfg = Debug|Any CPU
		{A124E8FD-E791-4344-88F2-26E3C67EF57B}.Debug|Any CPU.Build.0 = Debug|Any CPU
		{A124E8FD-E791-4344-88F2-26E3C67EF57B}.Release|Any CPU.ActiveCfg = Release|Any CPU
		{A124E8FD-E791-4344-88F2-26E3C67EF57B}.Release|Any CPU.Build.0 = Release|Any CPU
	EndGlobalSection
	GlobalSection(SolutionProperties) = preSolution
		HideSolutionNode = FALSE
	EndGlobalSection
	GlobalSection(ExtensibilityGlobals) = postSolution
		SolutionGuid = {2D99E23B-D3BE-40D0-AF8D-D6DE850CB630}
	EndGlobalSection
EndGlobal
